
Microsoft Visual Studio Solution File, Format Version 12.00
# Visual Studio Version 17
VisualStudioVersion = 17.14.36518.9 d17.14
MinimumVisualStudioVersion = 10.0.40219.1
Project("{FAE04EC0-301F-11D3-BF4B-00C04F79EFBC}") = "mydiary", "mydiary.csproj", "{F8EC1FD8-4F44-49AB-BDE0-2991C91B6A13}"
EndProject
Global
	GlobalSection(SolutionConfigurationPlatforms) = preSolution
		Debug|Any CPU = Debug|Any CPU
		Release|Any CPU = Release|Any CPU
	EndGlobalSection
	GlobalSection(ProjectConfigurationPlatforms) = postSolution
		{F8EC1FD8-4F44-49AB-BDE0-2991C91B6A13}.Debug|Any CPU.ActiveCfg = Debug|Any CPU
		{F8EC1FD8-4F44-49AB-BDE0-2991C91B6A13}.Debug|Any CPU.Build.0 = Debug|Any CPU
		{F8EC1FD8-4F44-49AB-BDE0-2991C91B6A13}.Release|Any CPU.ActiveCfg = Release|Any CPU
		{F8EC1FD8-4F44-49AB-BDE0-2991C91B6A13}.Release|Any CPU.Build.0 = Release|Any CPU
	EndGlobalSection
	GlobalSection(SolutionProperties) = preSolution
		HideSolutionNode = FALSE
	EndGlobalSection
	GlobalSection(ExtensibilityGlobals) = postSolution
		SolutionGuid = {DC8776F3-4EB4-42EE-9E09-66923F25CF28}
	EndGlobalSection
EndGlobal
